// !$*UTF8*$!
{
	archiveVersion = 1;
	classes = {
	};
	objectVersion = 55;
	objects = {

/* Begin PBXBuildFile section */
		43752CE12756A65500CC1BF3 /* Tests_iOS.swift in Sources */ = {isa = PBXBuildFile; fileRef = 43752CE02756A65500CC1BF3 /* Tests_iOS.swift */; };
		43752CE32756A65500CC1BF3 /* Tests_iOSLaunchTests.swift in Sources */ = {isa = PBXBuildFile; fileRef = 43752CE22756A65500CC1BF3 /* Tests_iOSLaunchTests.swift */; };
		43752CED2756A65500CC1BF3 /* Tests_macOS.swift in Sources */ = {isa = PBXBuildFile; fileRef = 43752CEC2756A65500CC1BF3 /* Tests_macOS.swift */; };
		43752CEF2756A65500CC1BF3 /* Tests_macOSLaunchTests.swift in Sources */ = {isa = PBXBuildFile; fileRef = 43752CEE2756A65500CC1BF3 /* Tests_macOSLaunchTests.swift */; };
		43752CF02756A65500CC1BF3 /* budgetingApp.swift in Sources */ = {isa = PBXBuildFile; fileRef = 43752CC82756A65200CC1BF3 /* budgetingApp.swift */; };
		43752CF12756A65500CC1BF3 /* budgetingApp.swift in Sources */ = {isa = PBXBuildFile; fileRef = 43752CC82756A65200CC1BF3 /* budgetingApp.swift */; };
		43752CF22756A65500CC1BF3 /* ContentView.swift in Sources */ = {isa = PBXBuildFile; fileRef = 43752CC92756A65200CC1BF3 /* ContentView.swift */; };
		43752CF32756A65500CC1BF3 /* ContentView.swift in Sources */ = {isa = PBXBuildFile; fileRef = 43752CC92756A65200CC1BF3 /* ContentView.swift */; };
		43752CF42756A65500CC1BF3 /* Assets.xcassets in Resources */ = {isa = PBXBuildFile; fileRef = 43752CCA2756A65500CC1BF3 /* Assets.xcassets */; };
		43752CF52756A65500CC1BF3 /* Assets.xcassets in Resources */ = {isa = PBXBuildFile; fileRef = 43752CCA2756A65500CC1BF3 /* Assets.xcassets */; };
		43752D052756A67500CC1BF3 /* PieSliceView.swift in Sources */ = {isa = PBXBuildFile; fileRef = 43752D042756A67500CC1BF3 /* PieSliceView.swift */; };
		43752D062756A67500CC1BF3 /* PieSliceView.swift in Sources */ = {isa = PBXBuildFile; fileRef = 43752D042756A67500CC1BF3 /* PieSliceView.swift */; };
		43752D082756A7D400CC1BF3 /* PieChartView.swift in Sources */ = {isa = PBXBuildFile; fileRef = 43752D072756A7D400CC1BF3 /* PieChartView.swift */; };
		43752D092756A7D400CC1BF3 /* PieChartView.swift in Sources */ = {isa = PBXBuildFile; fileRef = 43752D072756A7D400CC1BF3 /* PieChartView.swift */; };
		4390A75B2757148E005E5680 /* TransactionView.swift in Sources */ = {isa = PBXBuildFile; fileRef = 4390A75A2757148E005E5680 /* TransactionView.swift */; };
		4390A75C2757148E005E5680 /* TransactionView.swift in Sources */ = {isa = PBXBuildFile; fileRef = 4390A75A2757148E005E5680 /* TransactionView.swift */; };
/* End PBXBuildFile section */

/* Begin PBXContainerItemProxy section */
		43752CDD2756A65500CC1BF3 /* PBXContainerItemProxy */ = {
			isa = PBXContainerItemProxy;
			containerPortal = 43752CC32756A65200CC1BF3 /* Project object */;
			proxyType = 1;
			remoteGlobalIDString = 43752CCE2756A65500CC1BF3;
			remoteInfo = "budgeting (iOS)";
		};
		43752CE92756A65500CC1BF3 /* PBXContainerItemProxy */ = {
			isa = PBXContainerItemProxy;
			containerPortal = 43752CC32756A65200CC1BF3 /* Project object */;
			proxyType = 1;
			remoteGlobalIDString = 43752CD42756A65500CC1BF3;
			remoteInfo = "budgeting (macOS)";
		};
/* End PBXContainerItemProxy section */

/* Begin PBXFileReference section */
		43752CC82756A65200CC1BF3 /* budgetingApp.swift */ = {isa = PBXFileReference; lastKnownFileType = sourcecode.swift; path = budgetingApp.swift; sourceTree = "<group>"; };
		43752CC92756A65200CC1BF3 /* ContentView.swift */ = {isa = PBXFileReference; lastKnownFileType = sourcecode.swift; path = ContentView.swift; sourceTree = "<group>"; };
		43752CCA2756A65500CC1BF3 /* Assets.xcassets */ = {isa = PBXFileReference; lastKnownFileType = folder.assetcatalog; path = Assets.xcassets; sourceTree = "<group>"; };
		43752CCF2756A65500CC1BF3 /* budgeting.app */ = {isa = PBXFileReference; explicitFileType = wrapper.application; includeInIndex = 0; path = budgeting.app; sourceTree = BUILT_PRODUCTS_DIR; };
		43752CD52756A65500CC1BF3 /* budgeting.app */ = {isa = PBXFileReference; explicitFileType = wrapper.application; includeInIndex = 0; path = budgeting.app; sourceTree = BUILT_PRODUCTS_DIR; };
		43752CD72756A65500CC1BF3 /* macOS.entitlements */ = {isa = PBXFileReference; lastKnownFileType = text.plist.entitlements; path = macOS.entitlements; sourceTree = "<group>"; };
		43752CDC2756A65500CC1BF3 /* Tests iOS.xctest */ = {isa = PBXFileReference; explicitFileType = wrapper.cfbundle; includeInIndex = 0; path = "Tests iOS.xctest"; sourceTree = BUILT_PRODUCTS_DIR; };
		43752CE02756A65500CC1BF3 /* Tests_iOS.swift */ = {isa = PBXFileReference; lastKnownFileType = sourcecode.swift; path = Tests_iOS.swift; sourceTree = "<group>"; };
		43752CE22756A65500CC1BF3 /* Tests_iOSLaunchTests.swift */ = {isa = PBXFileReference; lastKnownFileType = sourcecode.swift; path = Tests_iOSLaunchTests.swift; sourceTree = "<group>"; };
		43752CE82756A65500CC1BF3 /* Tests macOS.xctest */ = {isa = PBXFileReference; explicitFileType = wrapper.cfbundle; includeInIndex = 0; path = "Tests macOS.xctest"; sourceTree = BUILT_PRODUCTS_DIR; };
		43752CEC2756A65500CC1BF3 /* Tests_macOS.swift */ = {isa = PBXFileReference; lastKnownFileType = sourcecode.swift; path = Tests_macOS.swift; sourceTree = "<group>"; };
		43752CEE2756A65500CC1BF3 /* Tests_macOSLaunchTests.swift */ = {isa = PBXFileReference; lastKnownFileType = sourcecode.swift; path = Tests_macOSLaunchTests.swift; sourceTree = "<group>"; };
		43752D042756A67500CC1BF3 /* PieSliceView.swift */ = {isa = PBXFileReference; lastKnownFileType = sourcecode.swift; path = PieSliceView.swift; sourceTree = "<group>"; };
		43752D072756A7D400CC1BF3 /* PieChartView.swift */ = {isa = PBXFileReference; lastKnownFileType = sourcecode.swift; path = PieChartView.swift; sourceTree = "<group>"; };
		4390A75A2757148E005E5680 /* TransactionView.swift */ = {isa = PBXFileReference; lastKnownFileType = sourcecode.swift; path = TransactionView.swift; sourceTree = "<group>"; };
/* End PBXFileReference section */

/* Begin PBXFrameworksBuildPhase section */
		43752CCC2756A65500CC1BF3 /* Frameworks */ = {
			isa = PBXFrameworksBuildPhase;
			buildActionMask = 2147483647;
			files = (
			);
			runOnlyForDeploymentPostprocessing = 0;
		};
		43752CD22756A65500CC1BF3 /* Frameworks */ = {
			isa = PBXFrameworksBuildPhase;
			buildActionMask = 2147483647;
			files = (
			);
			runOnlyForDeploymentPostprocessing = 0;
		};
		43752CD92756A65500CC1BF3 /* Frameworks */ = {
			isa = PBXFrameworksBuildPhase;
			buildActionMask = 2147483647;
			files = (
			);
			runOnlyForDeploymentPostprocessing = 0;
		};
		43752CE52756A65500CC1BF3 /* Frameworks */ = {
			isa = PBXFrameworksBuildPhase;
			buildActionMask = 2147483647;
			files = (
			);
			runOnlyForDeploymentPostprocessing = 0;
		};
/* End PBXFrameworksBuildPhase section */

/* Begin PBXGroup section */
		43752CC22756A65200CC1BF3 = {
			isa = PBXGroup;
			children = (
				43752CC72756A65200CC1BF3 /* Shared */,
				43752CD62756A65500CC1BF3 /* macOS */,
				43752CDF2756A65500CC1BF3 /* Tests iOS */,
				43752CEB2756A65500CC1BF3 /* Tests macOS */,
				43752CD02756A65500CC1BF3 /* Products */,
			);
			sourceTree = "<group>";
		};
		43752CC72756A65200CC1BF3 /* Shared */ = {
			isa = PBXGroup;
			children = (
				43752CC82756A65200CC1BF3 /* budgetingApp.swift */,
				43752CC92756A65200CC1BF3 /* ContentView.swift */,
				43752D042756A67500CC1BF3 /* PieSliceView.swift */,
				4390A75A2757148E005E5680 /* TransactionView.swift */,
				43752D072756A7D400CC1BF3 /* PieChartView.swift */,
				43752CCA2756A65500CC1BF3 /* Assets.xcassets */,
			);
			path = Shared;
			sourceTree = "<group>";
		};
		43752CD02756A65500CC1BF3 /* Products */ = {
			isa = PBXGroup;
			children = (
				43752CCF2756A65500CC1BF3 /* budgeting.app */,
				43752CD52756A65500CC1BF3 /* budgeting.app */,
				43752CDC2756A65500CC1BF3 /* Tests iOS.xctest */,
				43752CE82756A65500CC1BF3 /* Tests macOS.xctest */,
			);
			name = Products;
			sourceTree = "<group>";
		};
		43752CD62756A65500CC1BF3 /* macOS */ = {
			isa = PBXGroup;
			children = (
				43752CD72756A65500CC1BF3 /* macOS.entitlements */,
			);
			path = macOS;
			sourceTree = "<group>";
		};
		43752CDF2756A65500CC1BF3 /* Tests iOS */ = {
			isa = PBXGroup;
			children = (
				43752CE02756A65500CC1BF3 /* Tests_iOS.swift */,
				43752CE22756A65500CC1BF3 /* Tests_iOSLaunchTests.swift */,
			);
			path = "Tests iOS";
			sourceTree = "<group>";
		};
		43752CEB2756A65500CC1BF3 /* Tests macOS */ = {
			isa = PBXGroup;
			children = (
				43752CEC2756A65500CC1BF3 /* Tests_macOS.swift */,
				43752CEE2756A65500CC1BF3 /* Tests_macOSLaunchTests.swift */,
			);
			path = "Tests macOS";
			sourceTree = "<group>";
		};
/* End PBXGroup section */

/* Begin PBXNativeTarget section */
		43752CCE2756A65500CC1BF3 /* budgeting (iOS) */ = {
			isa = PBXNativeTarget;
			buildConfigurationList = 43752CF82756A65500CC1BF3 /* Build configuration list for PBXNativeTarget "budgeting (iOS)" */;
			buildPhases = (
				43752CCB2756A65500CC1BF3 /* Sources */,
				43752CCC2756A65500CC1BF3 /* Frameworks */,
				43752CCD2756A65500CC1BF3 /* Resources */,
			);
			buildRules = (
			);
			dependencies = (
			);
			name = "budgeting (iOS)";
			productName = "budgeting (iOS)";
			productReference = 43752CCF2756A65500CC1BF3 /* budgeting.app */;
			productType = "com.apple.product-type.application";
		};
		43752CD42756A65500CC1BF3 /* budgeting (macOS) */ = {
			isa = PBXNativeTarget;
			buildConfigurationList = 43752CFB2756A65500CC1BF3 /* Build configuration list for PBXNativeTarget "budgeting (macOS)" */;
			buildPhases = (
				43752CD12756A65500CC1BF3 /* Sources */,
				43752CD22756A65500CC1BF3 /* Frameworks */,
				43752CD32756A65500CC1BF3 /* Resources */,
			);
			buildRules = (
			);
			dependencies = (
			);
			name = "budgeting (macOS)";
			productName = "budgeting (macOS)";
			productReference = 43752CD52756A65500CC1BF3 /* budgeting.app */;
			productType = "com.apple.product-type.application";
		};
		43752CDB2756A65500CC1BF3 /* Tests iOS */ = {
			isa = PBXNativeTarget;
			buildConfigurationList = 43752CFE2756A65500CC1BF3 /* Build configuration list for PBXNativeTarget "Tests iOS" */;
			buildPhases = (
				43752CD82756A65500CC1BF3 /* Sources */,
				43752CD92756A65500CC1BF3 /* Frameworks */,
				43752CDA2756A65500CC1BF3 /* Resources */,
			);
			buildRules = (
			);
			dependencies = (
				43752CDE2756A65500CC1BF3 /* PBXTargetDependency */,
			);
			name = "Tests iOS";
			productName = "Tests iOS";
			productReference = 43752CDC2756A65500CC1BF3 /* Tests iOS.xctest */;
			productType = "com.apple.product-type.bundle.ui-testing";
		};
		43752CE72756A65500CC1BF3 /* Tests macOS */ = {
			isa = PBXNativeTarget;
			buildConfigurationList = 43752D012756A65500CC1BF3 /* Build configuration list for PBXNativeTarget "Tests macOS" */;
			buildPhases = (
				43752CE42756A65500CC1BF3 /* Sources */,
				43752CE52756A65500CC1BF3 /* Frameworks */,
				43752CE62756A65500CC1BF3 /* Resources */,
			);
			buildRules = (
			);
			dependencies = (
				43752CEA2756A65500CC1BF3 /* PBXTargetDependency */,
			);
			name = "Tests macOS";
			productName = "Tests macOS";
			productReference = 43752CE82756A65500CC1BF3 /* Tests macOS.xctest */;
			productType = "com.apple.product-type.bundle.ui-testing";
		};
/* End PBXNativeTarget section */

/* Begin PBXProject section */
		43752CC32756A65200CC1BF3 /* Project object */ = {
			isa = PBXProject;
			attributes = {
				BuildIndependentTargetsInParallel = 1;
				LastSwiftUpdateCheck = 1300;
				LastUpgradeCheck = 1300;
				TargetAttributes = {
					43752CCE2756A65500CC1BF3 = {
						CreatedOnToolsVersion = 13.0;
					};
					43752CD42756A65500CC1BF3 = {
						CreatedOnToolsVersion = 13.0;
					};
					43752CDB2756A65500CC1BF3 = {
						CreatedOnToolsVersion = 13.0;
						TestTargetID = 43752CCE2756A65500CC1BF3;
					};
					43752CE72756A65500CC1BF3 = {
						CreatedOnToolsVersion = 13.0;
						TestTargetID = 43752CD42756A65500CC1BF3;
					};
				};
			};
			buildConfigurationList = 43752CC62756A65200CC1BF3 /* Build configuration list for PBXProject "budgeting" */;
			compatibilityVersion = "Xcode 13.0";
			developmentRegion = en;
			hasScannedForEncodings = 0;
			knownRegions = (
				en,
				Base,
			);
			mainGroup = 43752CC22756A65200CC1BF3;
			productRefGroup = 43752CD02756A65500CC1BF3 /* Products */;
			projectDirPath = "";
			projectRoot = "";
			targets = (
				43752CCE2756A65500CC1BF3 /* budgeting (iOS) */,
				43752CD42756A65500CC1BF3 /* budgeting (macOS) */,
				43752CDB2756A65500CC1BF3 /* Tests iOS */,
				43752CE72756A65500CC1BF3 /* Tests macOS */,
			);
		};
/* End PBXProject section */

/* Begin PBXResourcesBuildPhase section */
		43752CCD2756A65500CC1BF3 /* Resources */ = {
			isa = PBXResourcesBuildPhase;
			buildActionMask = 2147483647;
			files = (
				43752CF42756A65500CC1BF3 /* Assets.xcassets in Resources */,
			);
			runOnlyForDeploymentPostprocessing = 0;
		};
		43752CD32756A65500CC1BF3 /* Resources */ = {
			isa = PBXResourcesBuildPhase;
			buildActionMask = 2147483647;
			files = (
				43752CF52756A65500CC1BF3 /* Assets.xcassets in Resources */,
			);
			runOnlyForDeploymentPostprocessing = 0;
		};
		43752CDA2756A65500CC1BF3 /* Resources */ = {
			isa = PBXResourcesBuildPhase;
			buildActionMask = 2147483647;
			files = (
			);
			runOnlyForDeploymentPostprocessing = 0;
		};
		43752CE62756A65500CC1BF3 /* Resources */ = {
			isa = PBXResourcesBuildPhase;
			buildActionMask = 2147483647;
			files = (
			);
			runOnlyForDeploymentPostprocessing = 0;
		};
/* End PBXResourcesBuildPhase section */

/* Begin PBXSourcesBuildPhase section */
		43752CCB2756A65500CC1BF3 /* Sources */ = {
			isa = PBXSourcesBuildPhase;
			buildActionMask = 2147483647;
			files = (
				43752D082756A7D400CC1BF3 /* PieChartView.swift in Sources */,
				43752CF22756A65500CC1BF3 /* ContentView.swift in Sources */,
				4390A75B2757148E005E5680 /* TransactionView.swift in Sources */,
				43752CF02756A65500CC1BF3 /* budgetingApp.swift in Sources */,
				43752D052756A67500CC1BF3 /* PieSliceView.swift in Sources */,
			);
			runOnlyForDeploymentPostprocessing = 0;
		};
		43752CD12756A65500CC1BF3 /* Sources */ = {
			isa = PBXSourcesBuildPhase;
			buildActionMask = 2147483647;
			files = (
				43752D092756A7D400CC1BF3 /* PieChartView.swift in Sources */,
				43752CF32756A65500CC1BF3 /* ContentView.swift in Sources */,
				4390A75C2757148E005E5680 /* TransactionView.swift in Sources */,
				43752CF12756A65500CC1BF3 /* budgetingApp.swift in Sources */,
				43752D062756A67500CC1BF3 /* PieSliceView.swift in Sources */,
			);
			runOnlyForDeploymentPostprocessing = 0;
		};
		43752CD82756A65500CC1BF3 /* Sources */ = {
			isa = PBXSourcesBuildPhase;
			buildActionMask = 2147483647;
			files = (
				43752CE32756A65500CC1BF3 /* Tests_iOSLaunchTests.swift in Sources */,
				43752CE12756A65500CC1BF3 /* Tests_iOS.swift in Sources */,
			);
			runOnlyForDeploymentPostprocessing = 0;
		};
		43752CE42756A65500CC1BF3 /* Sources */ = {
			isa = PBXSourcesBuildPhase;
			buildActionMask = 2147483647;
			files = (
				43752CEF2756A65500CC1BF3 /* Tests_macOSLaunchTests.swift in Sources */,
				43752CED2756A65500CC1BF3 /* Tests_macOS.swift in Sources */,
			);
			runOnlyForDeploymentPostprocessing = 0;
		};
/* End PBXSourcesBuildPhase section */

/* Begin PBXTargetDependency section */
		43752CDE2756A65500CC1BF3 /* PBXTargetDependency */ = {
			isa = PBXTargetDependency;
			target = 43752CCE2756A65500CC1BF3 /* budgeting (iOS) */;
			targetProxy = 43752CDD2756A65500CC1BF3 /* PBXContainerItemProxy */;
		};
		43752CEA2756A65500CC1BF3 /* PBXTargetDependency */ = {
			isa = PBXTargetDependency;
			target = 43752CD42756A65500CC1BF3 /* budgeting (macOS) */;
			targetProxy = 43752CE92756A65500CC1BF3 /* PBXContainerItemProxy */;
		};
/* End PBXTargetDependency section */

/* Begin XCBuildConfiguration section */
		43752CF62756A65500CC1BF3 /* Debug */ = {
			isa = XCBuildConfiguration;
			buildSettings = {
				ALWAYS_SEARCH_USER_PATHS = NO;
				CLANG_ANALYZER_NONNULL = YES;
				CLANG_ANALYZER_NUMBER_OBJECT_CONVERSION = YES_AGGRESSIVE;
				CLANG_CXX_LANGUAGE_STANDARD = "gnu++17";
				CLANG_CXX_LIBRARY = "libc++";
				CLANG_ENABLE_MODULES = YES;
				CLANG_ENABLE_OBJC_ARC = YES;
				CLANG_ENABLE_OBJC_WEAK = YES;
				CLANG_WARN_BLOCK_CAPTURE_AUTORELEASING = YES;
				CLANG_WARN_BOOL_CONVERSION = YES;
				CLANG_WARN_COMMA = YES;
				CLANG_WARN_CONSTANT_CONVERSION = YES;
				CLANG_WARN_DEPRECATED_OBJC_IMPLEMENTATIONS = YES;
				CLANG_WARN_DIRECT_OBJC_ISA_USAGE = YES_ERROR;
				CLANG_WARN_DOCUMENTATION_COMMENTS = YES;
				CLANG_WARN_EMPTY_BODY = YES;
				CLANG_WARN_ENUM_CONVERSION = YES;
				CLANG_WARN_INFINITE_RECURSION = YES;
				CLANG_WARN_INT_CONVERSION = YES;
				CLANG_WARN_NON_LITERAL_NULL_CONVERSION = YES;
				CLANG_WARN_OBJC_IMPLICIT_RETAIN_SELF = YES;
				CLANG_WARN_OBJC_LITERAL_CONVERSION = YES;
				CLANG_WARN_OBJC_ROOT_CLASS = YES_ERROR;
				CLANG_WARN_QUOTED_INCLUDE_IN_FRAMEWORK_HEADER = YES;
				CLANG_WARN_RANGE_LOOP_ANALYSIS = YES;
				CLANG_WARN_STRICT_PROTOTYPES = YES;
				CLANG_WARN_SUSPICIOUS_MOVE = YES;
				CLANG_WARN_UNGUARDED_AVAILABILITY = YES_AGGRESSIVE;
				CLANG_WARN_UNREACHABLE_CODE = YES;
				CLANG_WARN__DUPLICATE_METHOD_MATCH = YES;
				COPY_PHASE_STRIP = NO;
				DEBUG_INFORMATION_FORMAT = dwarf;
				ENABLE_STRICT_OBJC_MSGSEND = YES;
				ENABLE_TESTABILITY = YES;
				GCC_C_LANGUAGE_STANDARD = gnu11;
				GCC_DYNAMIC_NO_PIC = NO;
				GCC_NO_COMMON_BLOCKS = YES;
				GCC_OPTIMIZATION_LEVEL = 0;
				GCC_PREPROCESSOR_DEFINITIONS = (
					"DEBUG=1",
					"$(inherited)",
				);
				GCC_WARN_64_TO_32_BIT_CONVERSION = YES;
				GCC_WARN_ABOUT_RETURN_TYPE = YES_ERROR;
				GCC_WARN_UNDECLARED_SELECTOR = YES;
				GCC_WARN_UNINITIALIZED_AUTOS = YES_AGGRESSIVE;
				GCC_WARN_UNUSED_FUNCTION = YES;
				GCC_WARN_UNUSED_VARIABLE = YES;
				MTL_ENABLE_DEBUG_INFO = INCLUDE_SOURCE;
				MTL_FAST_MATH = YES;
				ONLY_ACTIVE_ARCH = YES;
				SWIFT_ACTIVE_COMPILATION_CONDITIONS = DEBUG;
				SWIFT_OPTIMIZATION_LEVEL = "-Onone";
			};
			name = Debug;
		};
		43752CF72756A65500CC1BF3 /* Release */ = {
			isa = XCBuildConfiguration;
			buildSettings = {
				ALWAYS_SEARCH_USER_PATHS = NO;
				CLANG_ANALYZER_NONNULL = YES;
				CLANG_ANALYZER_NUMBER_OBJECT_CONVERSION = YES_AGGRESSIVE;
				CLANG_CXX_LANGUAGE_STANDARD = "gnu++17";
				CLANG_CXX_LIBRARY = "libc++";
				CLANG_ENABLE_MODULES = YES;
				CLANG_ENABLE_OBJC_ARC = YES;
				CLANG_ENABLE_OBJC_WEAK = YES;
				CLANG_WARN_BLOCK_CAPTURE_AUTORELEASING = YES;
				CLANG_WARN_BOOL_CONVERSION = YES;
				CLANG_WARN_COMMA = YES;
				CLANG_WARN_CONSTANT_CONVERSION = YES;
				CLANG_WARN_DEPRECATED_OBJC_IMPLEMENTATIONS = YES;
				CLANG_WARN_DIRECT_OBJC_ISA_USAGE = YES_ERROR;
				CLANG_WARN_DOCUMENTATION_COMMENTS = YES;
				CLANG_WARN_EMPTY_BODY = YES;
				CLANG_WARN_ENUM_CONVERSION = YES;
				CLANG_WARN_INFINITE_RECURSION = YES;
				CLANG_WARN_INT_CONVERSION = YES;
				CLANG_WARN_NON_LITERAL_NULL_CONVERSION = YES;
				CLANG_WARN_OBJC_IMPLICIT_RETAIN_SELF = YES;
				CLANG_WARN_OBJC_LITERAL_CONVERSION = YES;
				CLANG_WARN_OBJC_ROOT_CLASS = YES_ERROR;
				CLANG_WARN_QUOTED_INCLUDE_IN_FRAMEWORK_HEADER = YES;
				CLANG_WARN_RANGE_LOOP_ANALYSIS = YES;
				CLANG_WARN_STRICT_PROTOTYPES = YES;
				CLANG_WARN_SUSPICIOUS_MOVE = YES;
				CLANG_WARN_UNGUARDED_AVAILABILITY = YES_AGGRESSIVE;
				CLANG_WARN_UNREACHABLE_CODE = YES;
				CLANG_WARN__DUPLICATE_METHOD_MATCH = YES;
				COPY_PHASE_STRIP = NO;
				DEBUG_INFORMATION_FORMAT = "dwarf-with-dsym";
				ENABLE_NS_ASSERTIONS = NO;
				ENABLE_STRICT_OBJC_MSGSEND = YES;
				GCC_C_LANGUAGE_STANDARD = gnu11;
				GCC_NO_COMMON_BLOCKS = YES;
				GCC_WARN_64_TO_32_BIT_CONVERSION = YES;
				GCC_WARN_ABOUT_RETURN_TYPE = YES_ERROR;
				GCC_WARN_UNDECLARED_SELECTOR = YES;
				GCC_WARN_UNINITIALIZED_AUTOS = YES_AGGRESSIVE;
				GCC_WARN_UNUSED_FUNCTION = YES;
				GCC_WARN_UNUSED_VARIABLE = YES;
				MTL_ENABLE_DEBUG_INFO = NO;
				MTL_FAST_MATH = YES;
				SWIFT_COMPILATION_MODE = wholemodule;
				SWIFT_OPTIMIZATION_LEVEL = "-O";
			};
			name = Release;
		};
		43752CF92756A65500CC1BF3 /* Debug */ = {
			isa = XCBuildConfiguration;
			buildSettings = {
				ASSETCATALOG_COMPILER_APPICON_NAME = AppIcon;
				ASSETCATALOG_COMPILER_GLOBAL_ACCENT_COLOR_NAME = AccentColor;
				CODE_SIGN_STYLE = Automatic;
				CURRENT_PROJECT_VERSION = 1;
				DEVELOPMENT_TEAM = 29G559H529;
				ENABLE_PREVIEWS = YES;
				GENERATE_INFOPLIST_FILE = YES;
				INFOPLIST_KEY_UIApplicationSceneManifest_Generation = YES;
				INFOPLIST_KEY_UIApplicationSupportsIndirectInputEvents = YES;
				INFOPLIST_KEY_UILaunchScreen_Generation = YES;
				INFOPLIST_KEY_UISupportedInterfaceOrientations_iPad = "UIInterfaceOrientationPortrait UIInterfaceOrientationPortraitUpsideDown UIInterfaceOrientationLandscapeLeft UIInterfaceOrientationLandscapeRight";
				INFOPLIST_KEY_UISupportedInterfaceOrientations_iPhone = "UIInterfaceOrientationPortrait UIInterfaceOrientationLandscapeLeft UIInterfaceOrientationLandscapeRight";
				IPHONEOS_DEPLOYMENT_TARGET = 14.0;
				LD_RUNPATH_SEARCH_PATHS = (
					"$(inherited)",
					"@executable_path/Frameworks",
				);
				MARKETING_VERSION = 1.0;
				PRODUCT_BUNDLE_IDENTIFIER = michael.budgeting;
				PRODUCT_NAME = budgeting;
				SDKROOT = iphoneos;
				SWIFT_EMIT_LOC_STRINGS = YES;
				SWIFT_VERSION = 5.0;
				TARGETED_DEVICE_FAMILY = "1,2";
			};
			name = Debug;
		};
		43752CFA2756A65500CC1BF3 /* Release */ = {
			isa = XCBuildConfiguration;
			buildSettings = {
				ASSETCATALOG_COMPILER_APPICON_NAME = AppIcon;
				ASSETCATALOG_COMPILER_GLOBAL_ACCENT_COLOR_NAME = AccentColor;
				CODE_SIGN_STYLE = Automatic;
				CURRENT_PROJECT_VERSION = 1;
				DEVELOPMENT_TEAM = 29G559H529;
				ENABLE_PREVIEWS = YES;
				GENERATE_INFOPLIST_FILE = YES;
				INFOPLIST_KEY_UIApplicationSceneManifest_Generation = YES;
				INFOPLIST_KEY_UIApplicationSupportsIndirectInputEvents = YES;
				INFOPLIST_KEY_UILaunchScreen_Generation = YES;
				INFOPLIST_KEY_UISupportedInterfaceOrientations_iPad = "UIInterfaceOrientationPortrait UIInterfaceOrientationPortraitUpsideDown UIInterfaceOrientationLandscapeLeft UIInterfaceOrientationLandscapeRight";
				INFOPLIST_KEY_UISupportedInterfaceOrientations_iPhone = "UIInterfaceOrientationPortrait UIInterfaceOrientationLandscapeLeft UIInterfaceOrientationLandscapeRight";
				IPHONEOS_DEPLOYMENT_TARGET = 14.0;
				LD_RUNPATH_SEARCH_PATHS = (
					"$(inherited)",
					"@executable_path/Frameworks",
				);
				MARKETING_VERSION = 1.0;
				PRODUCT_BUNDLE_IDENTIFIER = michael.budgeting;
				PRODUCT_NAME = budgeting;
				SDKROOT = iphoneos;
				SWIFT_EMIT_LOC_STRINGS = YES;
				SWIFT_VERSION = 5.0;
				TARGETED_DEVICE_FAMILY = "1,2";
				VALIDATE_PRODUCT = YES;
			};
			name = Release;
		};
		43752CFC2756A65500CC1BF3 /* Debug */ = {
			isa = XCBuildConfiguration;
			buildSettings = {
				ASSETCATALOG_COMPILER_APPICON_NAME = AppIcon;
				ASSETCATALOG_COMPILER_GLOBAL_ACCENT_COLOR_NAME = AccentColor;
				CODE_SIGN_ENTITLEMENTS = macOS/macOS.entitlements;
				CODE_SIGN_STYLE = Automatic;
				COMBINE_HIDPI_IMAGES = YES;
				CURRENT_PROJECT_VERSION = 1;
				DEVELOPMENT_TEAM = 29G559H529;
				ENABLE_HARDENED_RUNTIME = YES;
				ENABLE_PREVIEWS = YES;
				GENERATE_INFOPLIST_FILE = YES;
				INFOPLIST_KEY_NSHumanReadableCopyright = "";
				LD_RUNPATH_SEARCH_PATHS = (
					"$(inherited)",
					"@executable_path/../Frameworks",
				);
				MACOSX_DEPLOYMENT_TARGET = 11.0;
				MARKETING_VERSION = 1.0;
				PRODUCT_BUNDLE_IDENTIFIER = michael.budgeting;
				PRODUCT_NAME = budgeting;
				SDKROOT = macosx;
				SWIFT_EMIT_LOC_STRINGS = YES;
				SWIFT_VERSION = 5.0;
			};
			name = Debug;
		};
		43752CFD2756A65500CC1BF3 /* Release */ = {
			isa = XCBuildConfiguration;
			buildSettings = {
				ASSETCATALOG_COMPILER_APPICON_NAME = AppIcon;
				ASSETCATALOG_COMPILER_GLOBAL_ACCENT_COLOR_NAME = AccentColor;
				CODE_SIGN_ENTITLEMENTS = macOS/macOS.entitlements;
				CODE_SIGN_STYLE = Automatic;
				COMBINE_HIDPI_IMAGES = YES;
				CURRENT_PROJECT_VERSION = 1;
				DEVELOPMENT_TEAM = 29G559H529;
				ENABLE_HARDENED_RUNTIME = YES;
				ENABLE_PREVIEWS = YES;
				GENERATE_INFOPLIST_FILE = YES;
				INFOPLIST_KEY_NSHumanReadableCopyright = "";
				LD_RUNPATH_SEARCH_PATHS = (
					"$(inherited)",
					"@executable_path/../Frameworks",
				);
				MACOSX_DEPLOYMENT_TARGET = 11.0;
				MARKETING_VERSION = 1.0;
				PRODUCT_BUNDLE_IDENTIFIER = michael.budgeting;
				PRODUCT_NAME = budgeting;
				SDKROOT = macosx;
				SWIFT_EMIT_LOC_STRINGS = YES;
				SWIFT_VERSION = 5.0;
			};
			name = Release;
		};
		43752CFF2756A65500CC1BF3 /* Debug */ = {
			isa = XCBuildConfiguration;
			buildSettings = {
				ALWAYS_EMBED_SWIFT_STANDARD_LIBRARIES = YES;
				CODE_SIGN_STYLE = Automatic;
				CURRENT_PROJECT_VERSION = 1;
				DEVELOPMENT_TEAM = 29G559H529;
				GENERATE_INFOPLIST_FILE = YES;
				IPHONEOS_DEPLOYMENT_TARGET = 15.0;
				LD_RUNPATH_SEARCH_PATHS = (
					"$(inherited)",
					"@executable_path/Frameworks",
					"@loader_path/Frameworks",
				);
				MARKETING_VERSION = 1.0;
				PRODUCT_BUNDLE_IDENTIFIER = "michael.Tests-iOS";
				PRODUCT_NAME = "$(TARGET_NAME)";
				SDKROOT = iphoneos;
				SWIFT_EMIT_LOC_STRINGS = NO;
				SWIFT_VERSION = 5.0;
				TARGETED_DEVICE_FAMILY = "1,2";
				TEST_TARGET_NAME = "budgeting (iOS)";
			};
			name = Debug;
		};
		43752D002756A65500CC1BF3 /* Release */ = {
			isa = XCBuildConfiguration;
			buildSettings = {
				ALWAYS_EMBED_SWIFT_STANDARD_LIBRARIES = YES;
				CODE_SIGN_STYLE = Automatic;
				CURRENT_PROJECT_VERSION = 1;
				DEVELOPMENT_TEAM = 29G559H529;
				GENERATE_INFOPLIST_FILE = YES;
				IPHONEOS_DEPLOYMENT_TARGET = 15.0;
				LD_RUNPATH_SEARCH_PATHS = (
					"$(inherited)",
					"@executable_path/Frameworks",
					"@loader_path/Frameworks",
				);
				MARKETING_VERSION = 1.0;
				PRODUCT_BUNDLE_IDENTIFIER = "michael.Tests-iOS";
				PRODUCT_NAME = "$(TARGET_NAME)";
				SDKROOT = iphoneos;
				SWIFT_EMIT_LOC_STRINGS = NO;
				SWIFT_VERSION = 5.0;
				TARGETED_DEVICE_FAMILY = "1,2";
				TEST_TARGET_NAME = "budgeting (iOS)";
				VALIDATE_PRODUCT = YES;
			};
			name = Release;
		};
		43752D022756A65500CC1BF3 /* Debug */ = {
			isa = XCBuildConfiguration;
			buildSettings = {
				ALWAYS_EMBED_SWIFT_STANDARD_LIBRARIES = YES;
				CODE_SIGN_STYLE = Automatic;
				COMBINE_HIDPI_IMAGES = YES;
				CURRENT_PROJECT_VERSION = 1;
				DEVELOPMENT_TEAM = 29G559H529;
				GENERATE_INFOPLIST_FILE = YES;
				LD_RUNPATH_SEARCH_PATHS = (
					"$(inherited)",
					"@executable_path/../Frameworks",
					"@loader_path/../Frameworks",
				);
				MACOSX_DEPLOYMENT_TARGET = 11.3;
				MARKETING_VERSION = 1.0;
				PRODUCT_BUNDLE_IDENTIFIER = "michael.Tests-macOS";
				PRODUCT_NAME = "$(TARGET_NAME)";
				SDKROOT = macosx;
				SWIFT_EMIT_LOC_STRINGS = NO;
				SWIFT_VERSION = 5.0;
				TEST_TARGET_NAME = "budgeting (macOS)";
			};
			name = Debug;
		};
		43752D032756A65500CC1BF3 /* Release */ = {
			isa = XCBuildConfiguration;
			buildSettings = {
				ALWAYS_EMBED_SWIFT_STANDARD_LIBRARIES = YES;
				CODE_SIGN_STYLE = Automatic;
				COMBINE_HIDPI_IMAGES = YES;
				CURRENT_PROJECT_VERSION = 1;
				DEVELOPMENT_TEAM = 29G559H529;
				GENERATE_INFOPLIST_FILE = YES;
				LD_RUNPATH_SEARCH_PATHS = (
					"$(inherited)",
					"@executable_path/../Frameworks",
					"@loader_path/../Frameworks",
				);
				MACOSX_DEPLOYMENT_TARGET = 11.3;
				MARKETING_VERSION = 1.0;
				PRODUCT_BUNDLE_IDENTIFIER = "michael.Tests-macOS";
				PRODUCT_NAME = "$(TARGET_NAME)";
				SDKROOT = macosx;
				SWIFT_EMIT_LOC_STRINGS = NO;
				SWIFT_VERSION = 5.0;
				TEST_TARGET_NAME = "budgeting (macOS)";
			};
			name = Release;
		};
/* End XCBuildConfiguration section */

/* Begin XCConfigurationList section */
		43752CC62756A65200CC1BF3 /* Build configuration list for PBXProject "budgeting" */ = {
			isa = XCConfigurationList;
			buildConfigurations = (
				43752CF62756A65500CC1BF3 /* Debug */,
				43752CF72756A65500CC1BF3 /* Release */,
			);
			defaultConfigurationIsVisible = 0;
			defaultConfigurationName = Release;
		};
		43752CF82756A65500CC1BF3 /* Build configuration list for PBXNativeTarget "budgeting (iOS)" */ = {
			isa = XCConfigurationList;
			buildConfigurations = (
				43752CF92756A65500CC1BF3 /* Debug */,
				43752CFA2756A65500CC1BF3 /* Release */,
			);
			defaultConfigurationIsVisible = 0;
			defaultConfigurationName = Release;
		};
		43752CFB2756A65500CC1BF3 /* Build configuration list for PBXNativeTarget "budgeting (macOS)" */ = {
			isa = XCConfigurationList;
			buildConfigurations = (
				43752CFC2756A65500CC1BF3 /* Debug */,
				43752CFD2756A65500CC1BF3 /* Release */,
			);
			defaultConfigurationIsVisible = 0;
			defaultConfigurationName = Release;
		};
		43752CFE2756A65500CC1BF3 /* Build configuration list for PBXNativeTarget "Tests iOS" */ = {
			isa = XCConfigurationList;
			buildConfigurations = (
				43752CFF2756A65500CC1BF3 /* Debug */,
				43752D002756A65500CC1BF3 /* Release */,
			);
			defaultConfigurationIsVisible = 0;
			defaultConfigurationName = Release;
		};
		43752D012756A65500CC1BF3 /* Build configuration list for PBXNativeTarget "Tests macOS" */ = {
			isa = XCConfigurationList;
			buildConfigurations = (
				43752D022756A65500CC1BF3 /* Debug */,
				43752D032756A65500CC1BF3 /* Release */,
			);
			defaultConfigurationIsVisible = 0;
			defaultConfigurationName = Release;
		};
/* End XCConfigurationList section */
	};
	rootObject = 43752CC32756A65200CC1BF3 /* Project object */;
}
